
Microsoft Visual Studio Solution File, Format Version 12.00
# Visual Studio 2013
VisualStudioVersion = 12.0.31101.0
MinimumVisualStudioVersion = 10.0.40219.1
Project("{FAE04EC0-301F-11D3-BF4B-00C04F79EFBC}") = "RiffScript", "RiffScript\RiffScript.csproj", "{95C1AFE6-7C21-464E-B1AA-DDE854E05D5C}"
EndProject
Project("{FAE04EC0-301F-11D3-BF4B-00C04F79EFBC}") = "RiffScriptDemo", "RiffScriptDemo\RiffScriptDemo.csproj", "{4601BCA7-AA56-41D6-B4CA-DDA8DCB6817A}"
EndProject
Project("{FAE04EC0-301F-11D3-BF4B-00C04F79EFBC}") = "RiffScriptConsole", "RiffScriptConsole\RiffScriptConsole.csproj", "{B36B7076-B087-4FEF-B810-18C6D48FA8F1}"
EndProject
Project("{2150E333-8FDC-42A3-9474-1A3956D46DE8}") = ".nuget", ".nuget", "{E99F657C-CEAC-41D1-8650-0E256234D52F}"
	ProjectSection(SolutionItems) = preProject
		.nuget\NuGet.Config = .nuget\NuGet.Config
		.nuget\NuGet.exe = .nuget\NuGet.exe
		.nuget\NuGet.targets = .nuget\NuGet.targets
	EndProjectSection
EndProject
Global
	GlobalSection(SolutionConfigurationPlatforms) = preSolution
		Debug|Any CPU = Debug|Any CPU
		Release|Any CPU = Release|Any CPU
	EndGlobalSection
	GlobalSection(ProjectConfigurationPlatforms) = postSolution
		{95C1AFE6-7C21-464E-B1AA-DDE854E05D5C}.Debug|Any CPU.ActiveCfg = Debug|Any CPU
		{95C1AFE6-7C21-464E-B1AA-DDE854E05D5C}.Debug|Any CPU.Build.0 = Debug|Any CPU
		{95C1AFE6-7C21-464E-B1AA-DDE854E05D5C}.Release|Any CPU.ActiveCfg = Release|Any CPU
		{95C1AFE6-7C21-464E-B1AA-DDE854E05D5C}.Release|Any CPU.Build.0 = Release|Any CPU
		{4601BCA7-AA56-41D6-B4CA-DDA8DCB6817A}.Debug|Any CPU.ActiveCfg = Debug|Any CPU
		{4601BCA7-AA56-41D6-B4CA-DDA8DCB6817A}.Debug|Any CPU.Build.0 = Debug|Any CPU
		{4601BCA7-AA56-41D6-B4CA-DDA8DCB6817A}.Release|Any CPU.ActiveCfg = Release|Any CPU
		{4601BCA7-AA56-41D6-B4CA-DDA8DCB6817A}.Release|Any CPU.Build.0 = Release|Any CPU
		{B36B7076-B087-4FEF-B810-18C6D48FA8F1}.Debug|Any CPU.ActiveCfg = Debug|Any CPU
		{B36B7076-B087-4FEF-B810-18C6D48FA8F1}.Debug|Any CPU.Build.0 = Debug|Any CPU
		{B36B7076-B087-4FEF-B810-18C6D48FA8F1}.Release|Any CPU.ActiveCfg = Release|Any CPU
		{B36B7076-B087-4FEF-B810-18C6D48FA8F1}.Release|Any CPU.Build.0 = Release|Any CPU
	EndGlobalSection
	GlobalSection(SolutionProperties) = preSolution
		HideSolutionNode = FALSE
	EndGlobalSection
EndGlobal
